{
  "name": "node-example",
  "version": "0.0.1",
  "lockfileVersion": 3,
  "requires": true,
  "packages": {
    "": {
      "name": "node-example",
      "version": "0.0.1",
      "license": "ISC",
      "dependencies": {
        "@financial-times/o-buttons": "^7.9.1"
      }
    },
    "node_modules/@financial-times/math": {
      "version": "1.1.1",
      "resolved": "https://registry.npmjs.org/@financial-times/math/-/math-1.1.1.tgz",
      "integrity": "sha512-Qe4mnPuZZMTNKbYUIDi2sZg6SYBb4nyZ+B9K50cawyXQdYU3iikbYpOnSUsMfhqo3ClgFZUW3oxSczhMUynOFw==",
      "peer": true,
      "engines": {
        "npm": ">7"
      },
      "peerDependencies": {
        "mathsass": "0.10.1"
      }
    },
    "node_modules/@financial-times/o-brand": {
      "version": "4.2.2",
      "resolved": "https://registry.npmjs.org/@financial-times/o-brand/-/o-brand-4.2.2.tgz",
      "integrity": "sha512-DZyLgysnDhFgfhYvuXpcFjVvtY/FdIfLJELTs7SnBc2Q4r6joAXAB6ocwGVOw3nC6OuBW2XTA7Nu2oh+D7lW6Q==",
      "peer": true,
      "engines": {
        "npm": ">7"
      }
    },
    "node_modules/@financial-times/o-buttons": {
      "version": "7.9.1",
      "resolved": "https://registry.npmjs.org/@financial-times/o-buttons/-/o-buttons-7.9.1.tgz",
      "integrity": "sha512-dyMU7P3FeG7VbmsuYo6WCBcKxeX3T7AomQgCQx8hJUyz0KB1DF607lLzsNFA8TcXsZ9KZEnFxsd1FW/wKj6AGw==",
      "engines": {
        "npm": ">7"
      },
      "peerDependencies": {
        "@financial-times/o-brand": "^4.1.0",
        "@financial-times/o-colors": "^6.5.0",
        "@financial-times/o-icons": "^7.0.0",
        "@financial-times/o-normalise": "^3.3.0",
        "@financial-times/o-typography": "^7.4.1"
      }
    },
    "node_modules/@financial-times/o-colors": {
      "version": "6.6.3",
      "resolved": "https://registry.npmjs.org/@financial-times/o-colors/-/o-colors-6.6.3.tgz",
      "integrity": "sha512-f4aAlc9BjBOQGNREakxvKmLIP9wNo9epBh7YS3wPRSNReY9gIppezhANWJ0peFIWdX6x50oNT1R7pIifHiGKJg==",
      "peer": true,
      "engines": {
        "npm": ">7"
      },
      "peerDependencies": {
        "@financial-times/math": "^1.0.0",
        "@financial-times/o-brand": "^4.0.1"
      }
    },
    "node_modules/@financial-times/o-fonts": {
      "version": "5.3.5",
      "resolved": "https://registry.npmjs.org/@financial-times/o-fonts/-/o-fonts-5.3.5.tgz",
      "integrity": "sha512-tZsQlzBd12RdhLU+H8eDgd7qzSueeUEzHoHBgl07+7dIaI9KUR3jH2p9/P0bget05hh36sVVfwyEN1A/awburA==",
      "peer": true,
      "engines": {
        "npm": ">7"
      },
      "peerDependencies": {
        "@financial-times/o-brand": "^4.1.0"
      }
    },
    "node_modules/@financial-times/o-grid": {
      "version": "6.1.8",
      "resolved": "https://registry.npmjs.org/@financial-times/o-grid/-/o-grid-6.1.8.tgz",
      "integrity": "sha512-3ZWR2o/MAitFltus+VFrho58WvAchzvKPbM6ja+nghdXT/ZecNv6tW4A2WwvZWCR0FLLosPx8WPZbSYf3jyeOQ==",
      "peer": true,
      "engines": {
        "npm": ">7"
      },
      "peerDependencies": {
        "@financial-times/math": "^1.0.0",
        "@financial-times/sass-mq": "^5.0.2"
      }
    },
    "node_modules/@financial-times/o-icons": {
      "version": "7.7.1",
      "resolved": "https://registry.npmjs.org/@financial-times/o-icons/-/o-icons-7.7.1.tgz",
      "integrity": "sha512-6JiHRtPJ33DIURX6ChzIJ/a0Tii12oL3Ow2OEdGghbtWbWgnbLt71ML9laz0bfQ50bpgRrsV2d3vObgW3yM1Gg==",
      "peer": true,
      "engines": {
        "npm": ">7"
      }
    },
    "node_modules/@financial-times/o-normalise": {
      "version": "3.3.2",
      "resolved": "https://registry.npmjs.org/@financial-times/o-normalise/-/o-normalise-3.3.2.tgz",
      "integrity": "sha512-k7/kw2zVAI6lVfQqI9Md/PIroZHhCZvXWHZoiP5Zih+JHqevjqIMDA35g8utaxVcwBKtZ5g6OmKDd3GDi+AU4w==",
      "peer": true,
      "engines": {
        "npm": ">7"
      },
      "peerDependencies": {
        "@financial-times/o-colors": "^6.0.1",
        "@financial-times/sass-mq": "^5.0.2"
      }
    },
    "node_modules/@financial-times/o-spacing": {
      "version": "3.2.5",
      "resolved": "https://registry.npmjs.org/@financial-times/o-spacing/-/o-spacing-3.2.5.tgz",
      "integrity": "sha512-U+4i//fd3qJHXgGRVEl0TkHK6Q5WUoXPsumBLSnWDW84jpXJic7kfpYGqyVP4sJpVAyq4FyLNu2L1oXopeHuDw==",
      "peer": true,
      "engines": {
        "npm": ">7"
      },
      "peerDependencies": {
        "@financial-times/math": "^1.0.0"
      }
    },
    "node_modules/@financial-times/o-typography": {
      "version": "7.6.1",
      "resolved": "https://registry.npmjs.org/@financial-times/o-typography/-/o-typography-7.6.1.tgz",
      "integrity": "sha512-rhfdWd645YnAavGfeaBrO7XtKxkfuOOOnUKiP6cmymu4ypa6/vDXRGc8l17GvfhxVbD6KVjn9Z2WFD6E5ZM7tg==",
      "peer": true,
      "dependencies": {
        "fontfaceobserver": "^2.0.9"
      },
      "engines": {
        "npm": ">7"
      },
      "peerDependencies": {
        "@financial-times/math": "^1.0.0",
        "@financial-times/o-colors": "^6.6.0",
        "@financial-times/o-fonts": "^5.0.0",
        "@financial-times/o-grid": "^6.1.1",
        "@financial-times/o-icons": "^7.0.0",
        "@financial-times/o-normalise": "^3.3.0",
        "@financial-times/o-spacing": "^3.0.0"
      }
    },
    "node_modules/@financial-times/sass-mq": {
      "version": "5.2.4",
      "resolved": "https://registry.npmjs.org/@financial-times/sass-mq/-/sass-mq-5.2.4.tgz",
      "integrity": "sha512-RVJhkSRQeBzk8Gzq8oA2ThzsrboRZ9ar5STd23zQWJNHkSIr9ZhUDHjd3XqX5LTD2O64cynVDU+ESqIBWMO4jQ==",
      "peer": true,
      "engines": {
        "npm": ">7"
      },
      "peerDependencies": {
        "@financial-times/math": "^1.0.0"
      }
    },
    "node_modules/fontfaceobserver": {
      "version": "2.3.0",
      "resolved": "https://registry.npmjs.org/fontfaceobserver/-/fontfaceobserver-2.3.0.tgz",
      "integrity": "sha512-6FPvD/IVyT4ZlNe7Wcn5Fb/4ChigpucKYSvD6a+0iMoLn2inpo711eyIcKjmDtE5XNcgAkSH9uN/nfAeZzHEfg==",
      "peer": true
    },
    "node_modules/mathsass": {
      "version": "0.10.1",
      "resolved": "https://registry.npmjs.org/mathsass/-/mathsass-0.10.1.tgz",
      "integrity": "sha512-DtHQ3Hm9toMJM5NzZEaHmRibIpy+zIcoF3/GJ/vo2FacRmSeGUeDI9lOdNRcl2JzQYBWrAL+KuC2egowVzSBHQ==",
      "peer": true,
      "engines": {
        "node": ">=0.8.0",
        "npm": ">=1.2.10"
      }
    }
  }
}
