{
  "lockfile_version": "1",
  "packages": {
    "doppler@3.66": {
      "last_modified": "2023-10-25T20:49:13Z",
      "resolved": "github:NixOS/nixpkgs/75a52265bda7fd25e06e3a67dee3f0354e73243c#doppler",
      "source": "devbox-search",
      "version": "3.66.3",
      "systems": {
        "aarch64-darwin": {
          "store_path": "/nix/store/z6wdm8pz7rncdkg98r3l43g5pf67pj5n-doppler-3.66.3"
        },
        "aarch64-linux": {
          "store_path": "/nix/store/j28bgrgiaf5jjmajq6rbi3pn3mzmqy5k-doppler-3.66.3"
        },
        "x86_64-darwin": {
          "store_path": "/nix/store/wk8by332vmpmiiwnk6z9fbw4c3m6xp0v-doppler-3.66.3"
        },
        "x86_64-linux": {
          "store_path": "/nix/store/08pixx21bvkxxh1kychhqh7zw2czhn52-doppler-3.66.3"
        }
      }
    },
    "nodePackages.serverless@3.34.0": {
      "last_modified": "2023-09-16T18:11:59Z",
      "resolved": "github:NixOS/nixpkgs/b2e813ada825ef491546ea81f42ef2d37ce71bf6#nodePackages.serverless",
      "source": "devbox-search",
      "version": "3.34.0"
    },
    "nodejs@20": {
      "last_modified": "2023-10-25T20:49:13Z",
      "resolved": "github:NixOS/nixpkgs/75a52265bda7fd25e06e3a67dee3f0354e73243c#nodejs_20",
      "source": "devbox-search",
      "version": "20.9.0",
      "systems": {
        "aarch64-darwin": {
          "store_path": "/nix/store/r8ppkdpxlmlv4magszy4xl816yf1s859-nodejs-20.9.0"
        },
        "aarch64-linux": {
          "store_path": "/nix/store/j0diijav3hh37amjl67wnq5n3f782ipn-nodejs-20.9.0"
        },
        "x86_64-darwin": {
          "store_path": "/nix/store/zxh8gvmynd5mzx9hf5bhidb4yy0k4g2s-nodejs-20.9.0"
        },
        "x86_64-linux": {
          "store_path": "/nix/store/17g2kfxglsl3rncfasqrxqs2g3bjin3k-nodejs-20.9.0"
        }
      }
    },
    "python310Packages.pip@23.2": {
      "last_modified": "2023-10-25T20:49:13Z",
      "plugin_version": "0.0.1",
      "resolved": "github:NixOS/nixpkgs/75a52265bda7fd25e06e3a67dee3f0354e73243c#python310Packages.pip",
      "source": "devbox-search",
      "version": "23.2.1",
      "systems": {
        "aarch64-darwin": {
          "store_path": "/nix/store/vyh7bsqnpg3v2y8fvw5h8x8dfm0r6bmf-python3.10-pip-23.2.1"
        },
        "aarch64-linux": {
          "store_path": "/nix/store/6v2fjgyfm78pkjh6jha0vs5f0n6y6pr0-python3.10-pip-23.2.1"
        },
        "x86_64-darwin": {
          "store_path": "/nix/store/sxyq3lsx7xpw2v8494daprh66jy70vp1-python3.10-pip-23.2.1"
        },
        "x86_64-linux": {
          "store_path": "/nix/store/96zrmllll78k3zf6zyxyyfzpcihf1svd-python3.10-pip-23.2.1"
        }
      }
    },
    "python@3.10": {
      "last_modified": "2023-10-25T20:49:13Z",
      "plugin_version": "0.0.1",
      "resolved": "github:NixOS/nixpkgs/75a52265bda7fd25e06e3a67dee3f0354e73243c#python310",
      "source": "devbox-search",
      "version": "3.10.13",
      "systems": {
        "aarch64-darwin": {
          "store_path": "/nix/store/ak3zf631ws2rwsl5qq0x3v7j18h0c2jj-python3-3.10.13"
        },
        "aarch64-linux": {
          "store_path": "/nix/store/qpwrwhkz7hkp8069v369mclp3yd93p6v-python3-3.10.13"
        },
        "x86_64-darwin": {
          "store_path": "/nix/store/c6bvvf2n4njczix12gimwpi4hx0rnk1l-python3-3.10.13"
        },
        "x86_64-linux": {
          "store_path": "/nix/store/s6fgyqbk8vn1014daznm5kqx90xdn86x-python3-3.10.13"
        }
      }
    }
  }
}
